
Microsoft Visual Studio Solution File, Format Version 12.00
# Visual Studio Version 17
VisualStudioVersion = 17.14.36623.8 d17.14
MinimumVisualStudioVersion = 10.0.40219.1
Project("{FAE04EC0-301F-11D3-BF4B-00C04F79EFBC}") = "QuanLySinhVien", "QuanLySinhVien\QuanLySinhVien.csproj", "{6288D208-364F-4009-BF00-328DEA24FBCB}"
EndProject
Global
	GlobalSection(SolutionConfigurationPlatforms) = preSolution
		Debug|Any CPU = Debug|Any CPU
		Release|Any CPU = Release|Any CPU
	EndGlobalSection
	GlobalSection(ProjectConfigurationPlatforms) = postSolution
		{6288D208-364F-4009-BF00-328DEA24FBCB}.Debug|Any CPU.ActiveCfg = Debug|Any CPU
		{6288D208-364F-4009-BF00-328DEA24FBCB}.Debug|Any CPU.Build.0 = Debug|Any CPU
		{6288D208-364F-4009-BF00-328DEA24FBCB}.Release|Any CPU.ActiveCfg = Release|Any CPU
		{6288D208-364F-4009-BF00-328DEA24FBCB}.Release|Any CPU.Build.0 = Release|Any CPU
	EndGlobalSection
	GlobalSection(SolutionProperties) = preSolution
		HideSolutionNode = FALSE
	EndGlobalSection
	GlobalSection(ExtensibilityGlobals) = postSolution
		SolutionGuid = {33522C90-EEC8-49A9-8281-274387726C11}
	EndGlobalSection
EndGlobal
